# This file is automatically @generated by Poetry 1.8.4 and should not be changed by hand.

[[package]]
name = "black"
version = "23.12.1"
description = "The uncompromising code formatter."
optional = false
python-versions = ">=3.8"
files = [
    {file = "black-23.12.1-cp310-cp310-macosx_10_9_x86_64.whl", hash = "sha256:e0aaf6041986767a5e0ce663c7a2f0e9eaf21e6ff87a5f95cbf3675bfd4c41d2"},
    {file = "black-23.12.1-cp310-cp310-macosx_11_0_arm64.whl", hash = "sha256:c88b3711d12905b74206227109272673edce0cb29f27e1385f33b0163c414bba"},
    {file = "black-23.12.1-cp310-cp310-manylinux_2_17_x86_64.manylinux2014_x86_64.whl", hash = "sha256:a920b569dc6b3472513ba6ddea21f440d4b4c699494d2e972a1753cdc25df7b0"},
    {file = "black-23.12.1-cp310-cp310-win_amd64.whl", hash = "sha256:3fa4be75ef2a6b96ea8d92b1587dd8cb3a35c7e3d51f0738ced0781c3aa3a5a3"},
    {file = "black-23.12.1-cp311-cp311-macosx_10_9_x86_64.whl", hash = "sha256:8d4df77958a622f9b5a4c96edb4b8c0034f8434032ab11077ec6c56ae9f384ba"},
    {file = "black-23.12.1-cp311-cp311-macosx_11_0_arm64.whl", hash = "sha256:602cfb1196dc692424c70b6507593a2b29aac0547c1be9a1d1365f0d964c353b"},
    {file = "black-23.12.1-cp311-cp311-manylinux_2_17_x86_64.manylinux2014_x86_64.whl", hash = "sha256:9c4352800f14be5b4864016882cdba10755bd50805c95f728011bcb47a4afd59"},
    {file = "black-23.12.1-cp311-cp311-win_amd64.whl", hash = "sha256:0808494f2b2df923ffc5723ed3c7b096bd76341f6213989759287611e9837d50"},
    {file = "black-23.12.1-cp312-cp312-macosx_10_9_x86_64.whl", hash = "sha256:25e57fd232a6d6ff3f4478a6fd0580838e47c93c83eaf1ccc92d4faf27112c4e"},
    {file = "black-23.12.1-cp312-cp312-macosx_11_0_arm64.whl", hash = "sha256:2d9e13db441c509a3763a7a3d9a49ccc1b4e974a47be4e08ade2a228876500ec"},
    {file = "black-23.12.1-cp312-cp312-manylinux_2_17_x86_64.manylinux2014_x86_64.whl", hash = "sha256:6d1bd9c210f8b109b1762ec9fd36592fdd528485aadb3f5849b2740ef17e674e"},
    {file = "black-23.12.1-cp312-cp312-win_amd64.whl", hash = "sha256:ae76c22bde5cbb6bfd211ec343ded2163bba7883c7bc77f6b756a1049436fbb9"},
    {file = "black-23.12.1-cp38-cp38-macosx_10_9_x86_64.whl", hash = "sha256:1fa88a0f74e50e4487477bc0bb900c6781dbddfdfa32691e780bf854c3b4a47f"},
    {file = "black-23.12.1-cp38-cp38-macosx_11_0_arm64.whl", hash = "sha256:a4d6a9668e45ad99d2f8ec70d5c8c04ef4f32f648ef39048d010b0689832ec6d"},
    {file = "black-23.12.1-cp38-cp38-manylinux_2_17_x86_64.manylinux2014_x86_64.whl", hash = "sha256:b18fb2ae6c4bb63eebe5be6bd869ba2f14fd0259bda7d18a46b764d8fb86298a"},
    {file = "black-23.12.1-cp38-cp38-win_amd64.whl", hash = "sha256:c04b6d9d20e9c13f43eee8ea87d44156b8505ca8a3c878773f68b4e4812a421e"},
    {file = "black-23.12.1-cp39-cp39-macosx_10_9_x86_64.whl", hash = "sha256:3e1b38b3135fd4c025c28c55ddfc236b05af657828a8a6abe5deec419a0b7055"},
    {file = "black-23.12.1-cp39-cp39-macosx_11_0_arm64.whl", hash = "sha256:4f0031eaa7b921db76decd73636ef3a12c942ed367d8c3841a0739412b260a54"},
    {file = "black-23.12.1-cp39-cp39-manylinux_2_17_x86_64.manylinux2014_x86_64.whl", hash = "sha256:97e56155c6b737854e60a9ab1c598ff2533d57e7506d97af5481141671abf3ea"},
    {file = "black-23.12.1-cp39-cp39-win_amd64.whl", hash = "sha256:dd15245c8b68fe2b6bd0f32c1556509d11bb33aec9b5d0866dd8e2ed3dba09c2"},
    {file = "black-23.12.1-py3-none-any.whl", hash = "sha256:78baad24af0f033958cad29731e27363183e140962595def56423e626f4bee3e"},
    {file = "black-23.12.1.tar.gz", hash = "sha256:4ce3ef14ebe8d9509188014d96af1c456a910d5b5cbf434a09fef7e024b3d0d5"},
]

[package.dependencies]
click = ">=8.0.0"
mypy-extensions = ">=0.4.3"
packaging = ">=22.0"
pathspec = ">=0.9.0"
platformdirs = ">=2"

[package.extras]
colorama = ["colorama (>=0.4.3)"]
d = ["aiohttp (>=3.7.4)", "aiohttp (>=3.7.4,!=3.9.0)"]
jupyter = ["ipython (>=7.8.0)", "tokenize-rt (>=3.2.0)"]
uvloop = ["uvloop (>=0.15.2)"]

[[package]]
name = "click"
version = "8.1.7"
description = "Composable command line interface toolkit"
optional = false
python-versions = ">=3.7"
files = [
    {file = "click-8.1.7-py3-none-any.whl", hash = "sha256:ae74fb96c20a0277a1d615f1e4d73c8414f5a98db8b799a7931d1582f3390c28"},
    {file = "click-8.1.7.tar.gz", hash = "sha256:ca9853ad459e787e2192211578cc907e7594e294c7ccc834310722b41b9ca6de"},
]

[package.dependencies]
colorama = {version = "*", markers = "platform_system == \"Windows\""}

[[package]]
name = "colorama"
version = "0.4.6"
description = "Cross-platform colored terminal text."
optional = false
python-versions = "!=3.0.*,!=3.1.*,!=3.2.*,!=3.3.*,!=3.4.*,!=3.5.*,!=3.6.*,>=2.7"
files = [
    {file = "colorama-0.4.6-py2.py3-none-any.whl", hash = "sha256:4f1d9991f5acc0ca119f9d443620b77f9d6b33703e51011c16baf57afb285fc6"},
    {file = "colorama-0.4.6.tar.gz", hash = "sha256:08695f5cb7ed6e0531a20572697297273c47b8cae5a63ffc6d6ed5c201be6e44"},
]

[[package]]
name = "javaobj-py3"
version = "0.4.4"
description = "Module for serializing and de-serializing Java objects."
optional = false
python-versions = "*"
files = [
    {file = "javaobj-py3-0.4.4.tar.gz", hash = "sha256:e4e3257ef2cf81a3339787a4d5cf924e54c91f095a723f6d2584dae61d4396ed"},
    {file = "javaobj_py3-0.4.4-py2.py3-none-any.whl", hash = "sha256:d7d676fe71825f6c17024df6791b80b7cc30ef40b61100f4ea3961af063f79b6"},
]

[[package]]
name = "mypy-extensions"
version = "1.0.0"
description = "Type system extensions for programs checked with the mypy type checker."
optional = false
python-versions = ">=3.5"
files = [
    {file = "mypy_extensions-1.0.0-py3-none-any.whl", hash = "sha256:4392f6c0eb8a5668a69e23d168ffa70f0be9ccfd32b5cc2d26a34ae5b844552d"},
    {file = "mypy_extensions-1.0.0.tar.gz", hash = "sha256:75dbf8955dc00442a438fc4d0666508a9a97b6bd41aa2f0ffe9d2f2725af0782"},
]

[[package]]
name = "packaging"
version = "24.2"
description = "Core utilities for Python packages"
optional = false
python-versions = ">=3.8"
files = [
    {file = "packaging-24.2-py3-none-any.whl", hash = "sha256:09abb1bccd265c01f4a3aa3f7a7db064b36514d2cba19a2f694fe6150451a759"},
    {file = "packaging-24.2.tar.gz", hash = "sha256:c228a6dc5e932d346bc5739379109d49e8853dd8223571c7c5b55260edc0b97f"},
]

[[package]]
name = "pathspec"
version = "0.12.1"
description = "Utility library for gitignore style pattern matching of file paths."
optional = false
python-versions = ">=3.8"
files = [
    {file = "pathspec-0.12.1-py3-none-any.whl", hash = "sha256:a0d503e138a4c123b27490a4f7beda6a01c6f288df0e4a8b79c7eb0dc7b4cc08"},
    {file = "pathspec-0.12.1.tar.gz", hash = "sha256:a482d51503a1ab33b1c67a6c3813a26953dbdc71c31dacaef9a838c4e29f5712"},
]

[[package]]
name = "platformdirs"
version = "4.3.6"
description = "A small Python package for determining appropriate platform-specific dirs, e.g. a `user data dir`."
optional = false
python-versions = ">=3.8"
files = [
    {file = "platformdirs-4.3.6-py3-none-any.whl", hash = "sha256:73e575e1408ab8103900836b97580d5307456908a03e92031bab39e4554cc3fb"},
    {file = "platformdirs-4.3.6.tar.gz", hash = "sha256:357fb2acbc885b0419afd3ce3ed34564c13c9b95c89360cd9563f73aa5e2b907"},
]

[package.extras]
docs = ["furo (>=2024.8.6)", "proselint (>=0.14)", "sphinx (>=8.0.2)", "sphinx-autodoc-typehints (>=2.4)"]
test = ["appdirs (==1.4.4)", "covdefaults (>=2.3)", "pytest (>=8.3.2)", "pytest-cov (>=5)", "pytest-mock (>=3.14)"]
type = ["mypy (>=1.11.2)"]

[[package]]
name = "pyasn1"
version = "0.6.1"
description = "Pure-Python implementation of ASN.1 types and DER/BER/CER codecs (X.208)"
optional = false
python-versions = ">=3.8"
files = [
    {file = "pyasn1-0.6.1-py3-none-any.whl", hash = "sha256:0d632f46f2ba09143da3a8afe9e33fb6f92fa2320ab7e886e2d0f7672af84629"},
    {file = "pyasn1-0.6.1.tar.gz", hash = "sha256:6f580d2bdd84365380830acf45550f2511469f673cb4a5ae3857a3170128b034"},
]

[[package]]
name = "pyasn1-modules"
version = "0.4.1"
description = "A collection of ASN.1-based protocols modules"
optional = false
python-versions = ">=3.8"
files = [
    {file = "pyasn1_modules-0.4.1-py3-none-any.whl", hash = "sha256:49bfa96b45a292b711e986f222502c1c9a5e1f4e568fc30e2574a6c7d07838fd"},
    {file = "pyasn1_modules-0.4.1.tar.gz", hash = "sha256:c28e2dbf9c06ad61c71a075c7e0f9fd0f1b0bb2d2ad4377f240d33ac2ab60a7c"},
]

[package.dependencies]
pyasn1 = ">=0.4.6,<0.7.0"

[[package]]
name = "pycryptodomex"
version = "3.21.0"
description = "Cryptographic library for Python"
optional = false
python-versions = "!=3.0.*,!=3.1.*,!=3.2.*,!=3.3.*,!=3.4.*,!=3.5.*,>=2.7"
files = [
    {file = "pycryptodomex-3.21.0-cp27-cp27m-macosx_10_9_x86_64.whl", hash = "sha256:dbeb84a399373df84a69e0919c1d733b89e049752426041deeb30d68e9867822"},
    {file = "pycryptodomex-3.21.0-cp27-cp27m-manylinux2010_i686.whl", hash = "sha256:a192fb46c95489beba9c3f002ed7d93979423d1b2a53eab8771dbb1339eb3ddd"},
    {file = "pycryptodomex-3.21.0-cp27-cp27m-manylinux2010_x86_64.whl", hash = "sha256:1233443f19d278c72c4daae749872a4af3787a813e05c3561c73ab0c153c7b0f"},
    {file = "pycryptodomex-3.21.0-cp27-cp27m-manylinux_2_17_aarch64.manylinux2014_aarch64.whl", hash = "sha256:bbb07f88e277162b8bfca7134b34f18b400d84eac7375ce73117f865e3c80d4c"},
    {file = "pycryptodomex-3.21.0-cp27-cp27m-musllinux_1_1_aarch64.whl", hash = "sha256:e859e53d983b7fe18cb8f1b0e29d991a5c93be2c8dd25db7db1fe3bd3617f6f9"},
    {file = "pycryptodomex-3.21.0-cp27-cp27m-win32.whl", hash = "sha256:ef046b2e6c425647971b51424f0f88d8a2e0a2a63d3531817968c42078895c00"},
    {file = "pycryptodomex-3.21.0-cp27-cp27m-win_amd64.whl", hash = "sha256:da76ebf6650323eae7236b54b1b1f0e57c16483be6e3c1ebf901d4ada47563b6"},
    {file = "pycryptodomex-3.21.0-cp27-cp27mu-manylinux2010_i686.whl", hash = "sha256:c07e64867a54f7e93186a55bec08a18b7302e7bee1b02fd84c6089ec215e723a"},
    {file = "pycryptodomex-3.21.0-cp27-cp27mu-manylinux2010_x86_64.whl", hash = "sha256:56435c7124dd0ce0c8bdd99c52e5d183a0ca7fdcd06c5d5509423843f487dd0b"},
    {file = "pycryptodomex-3.21.0-cp27-cp27mu-manylinux_2_17_aarch64.manylinux2014_aarch64.whl", hash = "sha256:65d275e3f866cf6fe891411be9c1454fb58809ccc5de6d3770654c47197acd65"},
    {file = "pycryptodomex-3.21.0-cp27-cp27mu-musllinux_1_1_aarch64.whl", hash = "sha256:5241bdb53bcf32a9568770a6584774b1b8109342bd033398e4ff2da052123832"},
    {file = "pycryptodomex-3.21.0-cp36-abi3-macosx_10_9_universal2.whl", hash = "sha256:34325b84c8b380675fd2320d0649cdcbc9cf1e0d1526edbe8fce43ed858cdc7e"},
    {file = "pycryptodomex-3.21.0-cp36-abi3-macosx_10_9_x86_64.whl", hash = "sha256:103c133d6cd832ae7266feb0a65b69e3a5e4dbbd6f3a3ae3211a557fd653f516"},
    {file = "pycryptodomex-3.21.0-cp36-abi3-manylinux_2_17_aarch64.manylinux2014_aarch64.whl", hash = "sha256:77ac2ea80bcb4b4e1c6a596734c775a1615d23e31794967416afc14852a639d3"},
    {file = "pycryptodomex-3.21.0-cp36-abi3-manylinux_2_17_x86_64.manylinux2014_x86_64.whl", hash = "sha256:9aa0cf13a1a1128b3e964dc667e5fe5c6235f7d7cfb0277213f0e2a783837cc2"},
    {file = "pycryptodomex-3.21.0-cp36-abi3-manylinux_2_5_i686.manylinux1_i686.manylinux_2_17_i686.manylinux2014_i686.whl", hash = "sha256:46eb1f0c8d309da63a2064c28de54e5e614ad17b7e2f88df0faef58ce192fc7b"},
    {file = "pycryptodomex-3.21.0-cp36-abi3-musllinux_1_1_aarch64.whl", hash = "sha256:cc7e111e66c274b0df5f4efa679eb31e23c7545d702333dfd2df10ab02c2a2ce"},
    {file = "pycryptodomex-3.21.0-cp36-abi3-musllinux_1_2_i686.whl", hash = "sha256:770d630a5c46605ec83393feaa73a9635a60e55b112e1fb0c3cea84c2897aa0a"},
    {file = "pycryptodomex-3.21.0-cp36-abi3-musllinux_1_2_x86_64.whl", hash = "sha256:52e23a0a6e61691134aa8c8beba89de420602541afaae70f66e16060fdcd677e"},
    {file = "pycryptodomex-3.21.0-cp36-abi3-win32.whl", hash = "sha256:a3d77919e6ff56d89aada1bd009b727b874d464cb0e2e3f00a49f7d2e709d76e"},
    {file = "pycryptodomex-3.21.0-cp36-abi3-win_amd64.whl", hash = "sha256:b0e9765f93fe4890f39875e6c90c96cb341767833cfa767f41b490b506fa9ec0"},
    {file = "pycryptodomex-3.21.0-pp27-pypy_73-manylinux2010_x86_64.whl", hash = "sha256:feaecdce4e5c0045e7a287de0c4351284391fe170729aa9182f6bd967631b3a8"},
    {file = "pycryptodomex-3.21.0-pp27-pypy_73-win32.whl", hash = "sha256:365aa5a66d52fd1f9e0530ea97f392c48c409c2f01ff8b9a39c73ed6f527d36c"},
    {file = "pycryptodomex-3.21.0-pp310-pypy310_pp73-macosx_10_15_x86_64.whl", hash = "sha256:3efddfc50ac0ca143364042324046800c126a1d63816d532f2e19e6f2d8c0c31"},
    {file = "pycryptodomex-3.21.0-pp310-pypy310_pp73-manylinux_2_17_x86_64.manylinux2014_x86_64.whl", hash = "sha256:0df2608682db8279a9ebbaf05a72f62a321433522ed0e499bc486a6889b96bf3"},
    {file = "pycryptodomex-3.21.0-pp310-pypy310_pp73-manylinux_2_5_i686.manylinux1_i686.manylinux_2_17_i686.manylinux2014_i686.whl", hash = "sha256:5823d03e904ea3e53aebd6799d6b8ec63b7675b5d2f4a4bd5e3adcb512d03b37"},
    {file = "pycryptodomex-3.21.0-pp310-pypy310_pp73-win_amd64.whl", hash = "sha256:27e84eeff24250ffec32722334749ac2a57a5fd60332cd6a0680090e7c42877e"},
    {file = "pycryptodomex-3.21.0-pp39-pypy39_pp73-macosx_10_15_x86_64.whl", hash = "sha256:8ef436cdeea794015263853311f84c1ff0341b98fc7908e8a70595a68cefd971"},
    {file = "pycryptodomex-3.21.0-pp39-pypy39_pp73-manylinux_2_17_x86_64.manylinux2014_x86_64.whl", hash = "sha256:7a1058e6dfe827f4209c5cae466e67610bcd0d66f2f037465daa2a29d92d952b"},
    {file = "pycryptodomex-3.21.0-pp39-pypy39_pp73-manylinux_2_5_i686.manylinux1_i686.manylinux_2_17_i686.manylinux2014_i686.whl", hash = "sha256:9ba09a5b407cbb3bcb325221e346a140605714b5e880741dc9a1e9ecf1688d42"},
    {file = "pycryptodomex-3.21.0-pp39-pypy39_pp73-win_amd64.whl", hash = "sha256:8a9d8342cf22b74a746e3c6c9453cb0cfbb55943410e3a2619bd9164b48dc9d9"},
    {file = "pycryptodomex-3.21.0.tar.gz", hash = "sha256:222d0bd05381dd25c32dd6065c071ebf084212ab79bab4599ba9e6a3e0009e6c"},
]

[[package]]
name = "pyjks"
version = "20.0.0"
description = "Pure-Python Java Keystore (JKS) library"
optional = false
python-versions = "*"
files = [
    {file = "pyjks-20.0.0-py2.py3-none-any.whl", hash = "sha256:394dee142ecff6b1adc36f64356e5584732f1859575aa03b9cf5d5541a9e3460"},
    {file = "pyjks-20.0.0.tar.gz", hash = "sha256:0378cec15fb11b2ed27ba54dad9fd987d48e6f62f49fcff138f5f7a8b312b044"},
]

[package.dependencies]
javaobj-py3 = "*"
pyasn1 = ">=0.3.5"
pyasn1-modules = "*"
pycryptodomex = "*"
twofish = "*"

[[package]]
name = "termcolor"
version = "2.5.0"
description = "ANSI color formatting for output in terminal"
optional = false
python-versions = ">=3.9"
files = [
    {file = "termcolor-2.5.0-py3-none-any.whl", hash = "sha256:37b17b5fc1e604945c2642c872a3764b5d547a48009871aea3edd3afa180afb8"},
    {file = "termcolor-2.5.0.tar.gz", hash = "sha256:998d8d27da6d48442e8e1f016119076b690d962507531df4890fcd2db2ef8a6f"},
]

[package.extras]
tests = ["pytest", "pytest-cov"]

[[package]]
name = "twofish"
version = "0.3.0"
description = "Bindings for the Twofish implementation by Niels Ferguson"
optional = false
python-versions = "*"
files = [
    {file = "twofish-0.3.0.tar.gz", hash = "sha256:b09d8bb50d33b23ff34cafb1f9209f858f752935c6a5c901efb92a41acb830fa"},
]

[metadata]
lock-version = "2.0"
python-versions = "^3.12"
content-hash = "8ffd54ead0b65888227ddd4ef8d8a7c0dab4fd89c2e913c35bce80add5db50c2"
